
Microsoft Visual Studio Solution File, Format Version 12.00
# Visual Studio Version 17
VisualStudioVersion = 17.7.34221.43
MinimumVisualStudioVersion = 10.0.40219.1
Project("{FAE04EC0-301F-11D3-BF4B-00C04F79EFBC}") = "plodS switch", "den_ot_sedmitca\plodS switch.csproj", "{C6BCBDB2-8972-4A35-AE71-00781960710A}"
EndProject
Project("{FAE04EC0-301F-11D3-BF4B-00C04F79EFBC}") = "plodif", "plodif\plodif.csproj", "{A93E0B67-7C1C-489D-B741-F99110CA69DB}"
EndProject
Project("{FAE04EC0-301F-11D3-BF4B-00C04F79EFBC}") = "den", "den\den.csproj", "{86C2A03D-BA6C-4B1D-B3A8-B6EFEAA90C48}"
EndProject
Global
	GlobalSection(SolutionConfigurationPlatforms) = preSolution
		Debug|Any CPU = Debug|Any CPU
		Release|Any CPU = Release|Any CPU
	EndGlobalSection
	GlobalSection(ProjectConfigurationPlatforms) = postSolution
		{C6BCBDB2-8972-4A35-AE71-00781960710A}.Debug|Any CPU.ActiveCfg = Debug|Any CPU
		{C6BCBDB2-8972-4A35-AE71-00781960710A}.Debug|Any CPU.Build.0 = Debug|Any CPU
		{C6BCBDB2-8972-4A35-AE71-00781960710A}.Release|Any CPU.ActiveCfg = Release|Any CPU
		{C6BCBDB2-8972-4A35-AE71-00781960710A}.Release|Any CPU.Build.0 = Release|Any CPU
		{A93E0B67-7C1C-489D-B741-F99110CA69DB}.Debug|Any CPU.ActiveCfg = Debug|Any CPU
		{A93E0B67-7C1C-489D-B741-F99110CA69DB}.Debug|Any CPU.Build.0 = Debug|Any CPU
		{A93E0B67-7C1C-489D-B741-F99110CA69DB}.Release|Any CPU.ActiveCfg = Release|Any CPU
		{A93E0B67-7C1C-489D-B741-F99110CA69DB}.Release|Any CPU.Build.0 = Release|Any CPU
		{86C2A03D-BA6C-4B1D-B3A8-B6EFEAA90C48}.Debug|Any CPU.ActiveCfg = Debug|Any CPU
		{86C2A03D-BA6C-4B1D-B3A8-B6EFEAA90C48}.Debug|Any CPU.Build.0 = Debug|Any CPU
		{86C2A03D-BA6C-4B1D-B3A8-B6EFEAA90C48}.Release|Any CPU.ActiveCfg = Release|Any CPU
		{86C2A03D-BA6C-4B1D-B3A8-B6EFEAA90C48}.Release|Any CPU.Build.0 = Release|Any CPU
	EndGlobalSection
	GlobalSection(SolutionProperties) = preSolution
		HideSolutionNode = FALSE
	EndGlobalSection
	GlobalSection(ExtensibilityGlobals) = postSolution
		SolutionGuid = {721E97A9-1947-4F8C-A4AD-7CD60C067204}
	EndGlobalSection
EndGlobal
